
Microsoft Visual Studio Solution File, Format Version 12.00
# Visual Studio Version 16
VisualStudioVersion = 16.0.29201.188
MinimumVisualStudioVersion = 10.0.40219.1
Project("{9A19103F-16F7-4668-BE54-9A1E7A4F7556}") = "Plumsail.NaughtyCat.Web", "Plumsail.NaughtyCat.Web\Plumsail.NaughtyCat.Web.csproj", "{4DE250C6-1EAA-40A4-91F3-6FD66537EEBA}"
EndProject
Project("{FAE04EC0-301F-11D3-BF4B-00C04F79EFBC}") = "Plumsail.NaughtyCat.Domain", "Plumsail.NaughtyCat.Domain\Plumsail.NaughtyCat.Domain.csproj", "{95845741-3905-45C3-8B5E-A635A104197F}"
EndProject
Global
	GlobalSection(SolutionConfigurationPlatforms) = preSolution
		Debug|Any CPU = Debug|Any CPU
		Release|Any CPU = Release|Any CPU
	EndGlobalSection
	GlobalSection(ProjectConfigurationPlatforms) = postSolution
		{4DE250C6-1EAA-40A4-91F3-6FD66537EEBA}.Debug|Any CPU.ActiveCfg = Debug|Any CPU
		{4DE250C6-1EAA-40A4-91F3-6FD66537EEBA}.Debug|Any CPU.Build.0 = Debug|Any CPU
		{4DE250C6-1EAA-40A4-91F3-6FD66537EEBA}.Release|Any CPU.ActiveCfg = Release|Any CPU
		{4DE250C6-1EAA-40A4-91F3-6FD66537EEBA}.Release|Any CPU.Build.0 = Release|Any CPU
		{95845741-3905-45C3-8B5E-A635A104197F}.Debug|Any CPU.ActiveCfg = Debug|Any CPU
		{95845741-3905-45C3-8B5E-A635A104197F}.Debug|Any CPU.Build.0 = Debug|Any CPU
		{95845741-3905-45C3-8B5E-A635A104197F}.Release|Any CPU.ActiveCfg = Release|Any CPU
		{95845741-3905-45C3-8B5E-A635A104197F}.Release|Any CPU.Build.0 = Release|Any CPU
	EndGlobalSection
	GlobalSection(SolutionProperties) = preSolution
		HideSolutionNode = FALSE
	EndGlobalSection
	GlobalSection(ExtensibilityGlobals) = postSolution
		SolutionGuid = {9790F43A-CD15-49DD-AFFE-29BD3E83D5A6}
	EndGlobalSection
EndGlobal
